
Microsoft Visual Studio Solution File, Format Version 12.00
# Visual Studio 15
VisualStudioVersion = 15.0.26430.14
MinimumVisualStudioVersion = 10.0.40219.1
Project("{2150E333-8FDC-42A3-9474-1A3956D46DE8}") = "Library", "Library", "{2E1E616A-67A9-4270-950D-92C0CA5A09FE}"
EndProject
Project("{9A19103F-16F7-4668-BE54-9A1E7A4F7556}") = "RSPlugCore.Library.Services", "Library\RSPlugCore.Library.Services\RSPlugCore.Library.Services.csproj", "{18EE5D34-E48A-4EC3-A3BB-D71BDEF52632}"
EndProject
Project("{9A19103F-16F7-4668-BE54-9A1E7A4F7556}") = "RSPlugCore.Library.Common", "Library\RSPlugCore.Library.Common\RSPlugCore.Library.Common.csproj", "{1B01C621-A19A-4360-921C-279011BEFA98}"
EndProject
Project("{2150E333-8FDC-42A3-9474-1A3956D46DE8}") = "Plugins", "Plugins", "{7C376DC0-B0B9-4CC3-AF3D-E3FA6FD51F5E}"
EndProject
Project("{2150E333-8FDC-42A3-9474-1A3956D46DE8}") = "Presentation", "Presentation", "{A2F8982D-635A-4535-A35C-D26BB3F7AC18}"
EndProject
Project("{9A19103F-16F7-4668-BE54-9A1E7A4F7556}") = "RSPlugCore.Presentation.Commander", "Presentation\RSPlugCore.Presentation.Commander\RSPlugCore.Presentation.Commander.csproj", "{D120A10C-CCF4-47BD-A3D0-05DFAA4C5660}"
EndProject
Project("{FAE04EC0-301F-11D3-BF4B-00C04F79EFBC}") = "RSPlugCore.Plugins.SamplePlugin", "Plugins\RSPlugCore.Plugins.SamplePlugin\RSPlugCore.Plugins.SamplePlugin.csproj", "{7CB630BD-3D57-4086-A354-8F1B4F284983}"
EndProject
Global
	GlobalSection(SolutionConfigurationPlatforms) = preSolution
		Debug|Any CPU = Debug|Any CPU
		Release|Any CPU = Release|Any CPU
	EndGlobalSection
	GlobalSection(ProjectConfigurationPlatforms) = postSolution
		{18EE5D34-E48A-4EC3-A3BB-D71BDEF52632}.Debug|Any CPU.ActiveCfg = Debug|Any CPU
		{18EE5D34-E48A-4EC3-A3BB-D71BDEF52632}.Debug|Any CPU.Build.0 = Debug|Any CPU
		{18EE5D34-E48A-4EC3-A3BB-D71BDEF52632}.Release|Any CPU.ActiveCfg = Release|Any CPU
		{18EE5D34-E48A-4EC3-A3BB-D71BDEF52632}.Release|Any CPU.Build.0 = Release|Any CPU
		{1B01C621-A19A-4360-921C-279011BEFA98}.Debug|Any CPU.ActiveCfg = Debug|Any CPU
		{1B01C621-A19A-4360-921C-279011BEFA98}.Debug|Any CPU.Build.0 = Debug|Any CPU
		{1B01C621-A19A-4360-921C-279011BEFA98}.Release|Any CPU.ActiveCfg = Release|Any CPU
		{1B01C621-A19A-4360-921C-279011BEFA98}.Release|Any CPU.Build.0 = Release|Any CPU
		{D120A10C-CCF4-47BD-A3D0-05DFAA4C5660}.Debug|Any CPU.ActiveCfg = Debug|Any CPU
		{D120A10C-CCF4-47BD-A3D0-05DFAA4C5660}.Debug|Any CPU.Build.0 = Debug|Any CPU
		{D120A10C-CCF4-47BD-A3D0-05DFAA4C5660}.Release|Any CPU.ActiveCfg = Release|Any CPU
		{D120A10C-CCF4-47BD-A3D0-05DFAA4C5660}.Release|Any CPU.Build.0 = Release|Any CPU
		{7CB630BD-3D57-4086-A354-8F1B4F284983}.Debug|Any CPU.ActiveCfg = Debug|Any CPU
		{7CB630BD-3D57-4086-A354-8F1B4F284983}.Debug|Any CPU.Build.0 = Debug|Any CPU
		{7CB630BD-3D57-4086-A354-8F1B4F284983}.Release|Any CPU.ActiveCfg = Release|Any CPU
		{7CB630BD-3D57-4086-A354-8F1B4F284983}.Release|Any CPU.Build.0 = Release|Any CPU
	EndGlobalSection
	GlobalSection(SolutionProperties) = preSolution
		HideSolutionNode = FALSE
	EndGlobalSection
	GlobalSection(NestedProjects) = preSolution
		{18EE5D34-E48A-4EC3-A3BB-D71BDEF52632} = {2E1E616A-67A9-4270-950D-92C0CA5A09FE}
		{1B01C621-A19A-4360-921C-279011BEFA98} = {2E1E616A-67A9-4270-950D-92C0CA5A09FE}
		{D120A10C-CCF4-47BD-A3D0-05DFAA4C5660} = {A2F8982D-635A-4535-A35C-D26BB3F7AC18}
		{7CB630BD-3D57-4086-A354-8F1B4F284983} = {7C376DC0-B0B9-4CC3-AF3D-E3FA6FD51F5E}
	EndGlobalSection
EndGlobal
